Microsoft Visual Studio Solution File, Format Version 12.00
# Visual Studio Version 17
VisualStudioVersion = 17.5.2.0
MinimumVisualStudioVersion = 10.0.40219.1
Project("{FAE04EC0-301F-11D3-BF4B-00C04F79EFBC}") = "sleepywinform", "sleepywinform.csproj", "{461E00F2-3629-C128-105D-7D8F7E831246}"
EndProject
Global
	GlobalSection(SolutionConfigurationPlatforms) = preSolution
		Debug|Any CPU = Debug|Any CPU
		Release|Any CPU = Release|Any CPU
	EndGlobalSection
	GlobalSection(ProjectConfigurationPlatforms) = postSolution
		{461E00F2-3629-C128-105D-7D8F7E831246}.Debug|Any CPU.ActiveCfg = Debug|Any CPU
		{461E00F2-3629-C128-105D-7D8F7E831246}.Debug|Any CPU.Build.0 = Debug|Any CPU
		{461E00F2-3629-C128-105D-7D8F7E831246}.Release|Any CPU.ActiveCfg = Release|Any CPU
		{461E00F2-3629-C128-105D-7D8F7E831246}.Release|Any CPU.Build.0 = Release|Any CPU
	EndGlobalSection
	GlobalSection(SolutionProperties) = preSolution
		HideSolutionNode = FALSE
	EndGlobalSection
	GlobalSection(ExtensibilityGlobals) = postSolution
		SolutionGuid = {51A65784-38A3-40E6-B417-1EE1EAD1A5B5}
	EndGlobalSection
EndGlobal
